
Microsoft Visual Studio Solution File, Format Version 12.00
# Visual Studio Version 16
VisualStudioVersion = 16.0.31205.134
MinimumVisualStudioVersion = 10.0.40219.1
Project("{FAE04EC0-301F-11D3-BF4B-00C04F79EFBC}") = "dz1lesson", "dz1lesson\dz1lesson.csproj", "{4E4174EA-9432-45C5-82B8-1D4CF4FFB142}"
EndProject
Global
	GlobalSection(SolutionConfigurationPlatforms) = preSolution
		Debug|Any CPU = Debug|Any CPU
		Release|Any CPU = Release|Any CPU
	EndGlobalSection
	GlobalSection(ProjectConfigurationPlatforms) = postSolution
		{4E4174EA-9432-45C5-82B8-1D4CF4FFB142}.Debug|Any CPU.ActiveCfg = Debug|Any CPU
		{4E4174EA-9432-45C5-82B8-1D4CF4FFB142}.Debug|Any CPU.Build.0 = Debug|Any CPU
		{4E4174EA-9432-45C5-82B8-1D4CF4FFB142}.Release|Any CPU.ActiveCfg = Release|Any CPU
		{4E4174EA-9432-45C5-82B8-1D4CF4FFB142}.Release|Any CPU.Build.0 = Release|Any CPU
	EndGlobalSection
	GlobalSection(SolutionProperties) = preSolution
		HideSolutionNode = FALSE
	EndGlobalSection
	GlobalSection(ExtensibilityGlobals) = postSolution
		SolutionGuid = {22290B14-C92D-485D-95E7-D1967CC7C69D}
	EndGlobalSection
EndGlobal
